
Microsoft Visual Studio Solution File, Format Version 12.00
# Visual Studio Version 17
VisualStudioVersion = 17.10.35027.167
MinimumVisualStudioVersion = 10.0.40219.1
Project("{FAE04EC0-301F-11D3-BF4B-00C04F79EFBC}") = "Markov", "Markov\Markov.csproj", "{176B3CD7-6E84-4B0D-837D-1DD278780ACD}"
EndProject
Global
	GlobalSection(SolutionConfigurationPlatforms) = preSolution
		Debug|Any CPU = Debug|Any CPU
		Release|Any CPU = Release|Any CPU
	EndGlobalSection
	GlobalSection(ProjectConfigurationPlatforms) = postSolution
		{176B3CD7-6E84-4B0D-837D-1DD278780ACD}.Debug|Any CPU.ActiveCfg = Debug|Any CPU
		{176B3CD7-6E84-4B0D-837D-1DD278780ACD}.Debug|Any CPU.Build.0 = Debug|Any CPU
		{176B3CD7-6E84-4B0D-837D-1DD278780ACD}.Release|Any CPU.ActiveCfg = Release|Any CPU
		{176B3CD7-6E84-4B0D-837D-1DD278780ACD}.Release|Any CPU.Build.0 = Release|Any CPU
	EndGlobalSection
	GlobalSection(SolutionProperties) = preSolution
		HideSolutionNode = FALSE
	EndGlobalSection
	GlobalSection(ExtensibilityGlobals) = postSolution
		SolutionGuid = {1DEB97EE-A456-43E4-A1CB-E54B962246A4}
	EndGlobalSection
EndGlobal
